{
  "name": "world_wide_chess",
  "version": "1.0.0",
  "lockfileVersion": 2,
  "requires": true,
  "packages": {
    "": {
      "name": "world_wide_chess",
      "version": "1.0.0",
      "license": "ISC",
      "dependencies": {
        "react": "19.0.0-rc-941e1b4a-20240729",
        "react-dom": "19.0.0-rc-941e1b4a-20240729"
      }
    },
    "node_modules/react": {
      "version": "19.0.0-rc-941e1b4a-20240729",
      "resolved": "https://registry.npmjs.org/react/-/react-19.0.0-rc-941e1b4a-20240729.tgz",
      "integrity": "sha512-7hrSs3eKUVL/7Pta8FBa8Ig3sRCRgJZEuJN9yY3VUf56vq5jVjVMlR25yVernT5QAvteDp+OjDbVY04ry42TdA==",
      "engines": {
        "node": ">=0.10.0"
      }
    },
    "node_modules/react-dom": {
      "version": "19.0.0-rc-941e1b4a-20240729",
      "resolved": "https://registry.npmjs.org/react-dom/-/react-dom-19.0.0-rc-941e1b4a-20240729.tgz",
      "integrity": "sha512-haHeGbU85VrpUOyxZ0SFj7IO0svEypSBt86ETasm/ZW/ounqB2hG67VxJST373EHLoLZwKrQlGhsNJPQuamFkA==",
      "dependencies": {
        "scheduler": "0.25.0-rc-941e1b4a-20240729"
      },
      "peerDependencies": {
        "react": "19.0.0-rc-941e1b4a-20240729"
      }
    },
    "node_modules/scheduler": {
      "version": "0.25.0-rc-941e1b4a-20240729",
      "resolved": "https://registry.npmjs.org/scheduler/-/scheduler-0.25.0-rc-941e1b4a-20240729.tgz",
      "integrity": "sha512-3FR9iqRBcY0j7pcAVD+2GCvgMejCSWCoAXiv4hdcmIOLnQICurzz5SXEtkFlJ6zxzHdv4p5ihxKCixaSiX1tXg=="
    }
  },
  "dependencies": {
    "react": {
      "version": "19.0.0-rc-941e1b4a-20240729",
      "resolved": "https://registry.npmjs.org/react/-/react-19.0.0-rc-941e1b4a-20240729.tgz",
      "integrity": "sha512-7hrSs3eKUVL/7Pta8FBa8Ig3sRCRgJZEuJN9yY3VUf56vq5jVjVMlR25yVernT5QAvteDp+OjDbVY04ry42TdA=="
    },
    "react-dom": {
      "version": "19.0.0-rc-941e1b4a-20240729",
      "resolved": "https://registry.npmjs.org/react-dom/-/react-dom-19.0.0-rc-941e1b4a-20240729.tgz",
      "integrity": "sha512-haHeGbU85VrpUOyxZ0SFj7IO0svEypSBt86ETasm/ZW/ounqB2hG67VxJST373EHLoLZwKrQlGhsNJPQuamFkA==",
      "requires": {
        "scheduler": "0.25.0-rc-941e1b4a-20240729"
      }
    },
    "scheduler": {
      "version": "0.25.0-rc-941e1b4a-20240729",
      "resolved": "https://registry.npmjs.org/scheduler/-/scheduler-0.25.0-rc-941e1b4a-20240729.tgz",
      "integrity": "sha512-3FR9iqRBcY0j7pcAVD+2GCvgMejCSWCoAXiv4hdcmIOLnQICurzz5SXEtkFlJ6zxzHdv4p5ihxKCixaSiX1tXg=="
    }
  }
}
